// !$*UTF8*$!
{
	archiveVersion = 1;
	classes = {
	};
	objectVersion = 56;
	objects = {

/* Begin PBXBuildFile section */
		9D054C952B4FDBDC00E939E7 /* HomeCoordinator.swift in Sources */ = {isa = PBXBuildFile; fileRef = 9D054C942B4FDBDC00E939E7 /* HomeCoordinator.swift */; };
		9D054C972B4FDBF700E939E7 /* AccountCoordinator.swift in Sources */ = {isa = PBXBuildFile; fileRef = 9D054C962B4FDBF700E939E7 /* AccountCoordinator.swift */; };
		9D054C992B4FDC0500E939E7 /* SettingsCoordinator.swift in Sources */ = {isa = PBXBuildFile; fileRef = 9D054C982B4FDC0500E939E7 /* SettingsCoordinator.swift */; };
		9D054C9B2B4FDC2700E939E7 /* NotificationCoordinator.swift in Sources */ = {isa = PBXBuildFile; fileRef = 9D054C9A2B4FDC2700E939E7 /* NotificationCoordinator.swift */; };
		9D054C9F2B4FDE5200E939E7 /* DashboardViewController.swift in Sources */ = {isa = PBXBuildFile; fileRef = 9D054C9E2B4FDE5200E939E7 /* DashboardViewController.swift */; };
		9D054CA12B4FDE6B00E939E7 /* DashboardViewModel.swift in Sources */ = {isa = PBXBuildFile; fileRef = 9D054CA02B4FDE6B00E939E7 /* DashboardViewModel.swift */; };
		9D054CA72B4FE00A00E939E7 /* MyAccountViewController.swift in Sources */ = {isa = PBXBuildFile; fileRef = 9D054CA62B4FE00A00E939E7 /* MyAccountViewController.swift */; };
		9D054CA92B4FE02000E939E7 /* MyAccountViewModel.swift in Sources */ = {isa = PBXBuildFile; fileRef = 9D054CA82B4FE02000E939E7 /* MyAccountViewModel.swift */; };
		9D054CAB2B4FE24900E939E7 /* UserSettingsViewController.swift in Sources */ = {isa = PBXBuildFile; fileRef = 9D054CAA2B4FE24900E939E7 /* UserSettingsViewController.swift */; };
		9D054CAD2B4FE26000E939E7 /* UserSettingsViewModel.swift in Sources */ = {isa = PBXBuildFile; fileRef = 9D054CAC2B4FE26000E939E7 /* UserSettingsViewModel.swift */; };
		9D054CAF2B4FE3BE00E939E7 /* NotificationViewController.swift in Sources */ = {isa = PBXBuildFile; fileRef = 9D054CAE2B4FE3BE00E939E7 /* NotificationViewController.swift */; };
		9D054CB12B4FE3EE00E939E7 /* NotificationViewModel.swift in Sources */ = {isa = PBXBuildFile; fileRef = 9D054CB02B4FE3EE00E939E7 /* NotificationViewModel.swift */; };
		9D054CB32B5018CC00E939E7 /* TabCoordinator.swift in Sources */ = {isa = PBXBuildFile; fileRef = 9D054CB22B5018CC00E939E7 /* TabCoordinator.swift */; };
		9D054CB62B50779300E939E7 /* ProfileViewController.swift in Sources */ = {isa = PBXBuildFile; fileRef = 9D054CB52B50779300E939E7 /* ProfileViewController.swift */; };
		9D054CB92B5077B500E939E7 /* ProfileViewModel.swift in Sources */ = {isa = PBXBuildFile; fileRef = 9D054CB82B5077B500E939E7 /* ProfileViewModel.swift */; };
		9D054CBC2B5079B900E939E7 /* EditProfileViewControlller.swift in Sources */ = {isa = PBXBuildFile; fileRef = 9D054CBB2B5079B900E939E7 /* EditProfileViewControlller.swift */; };
		9D054CBE2B5079D300E939E7 /* EditProfileViewModel.swift in Sources */ = {isa = PBXBuildFile; fileRef = 9D054CBD2B5079D300E939E7 /* EditProfileViewModel.swift */; };
		9DD9C2702B49472E008C3BFF /* AppDelegate.swift in Sources */ = {isa = PBXBuildFile; fileRef = 9DD9C26F2B49472E008C3BFF /* AppDelegate.swift */; };
		9DD9C2722B49472E008C3BFF /* SceneDelegate.swift in Sources */ = {isa = PBXBuildFile; fileRef = 9DD9C2712B49472E008C3BFF /* SceneDelegate.swift */; };
		9DD9C2742B49472E008C3BFF /* InitialViewController.swift in Sources */ = {isa = PBXBuildFile; fileRef = 9DD9C2732B49472E008C3BFF /* InitialViewController.swift */; };
		9DD9C2772B49472E008C3BFF /* Main.storyboard in Resources */ = {isa = PBXBuildFile; fileRef = 9DD9C2752B49472E008C3BFF /* Main.storyboard */; };
		9DD9C27A2B49472E008C3BFF /* CoordinaterSampleApp.xcdatamodeld in Sources */ = {isa = PBXBuildFile; fileRef = 9DD9C2782B49472E008C3BFF /* CoordinaterSampleApp.xcdatamodeld */; };
		9DD9C27C2B494730008C3BFF /* Assets.xcassets in Resources */ = {isa = PBXBuildFile; fileRef = 9DD9C27B2B494730008C3BFF /* Assets.xcassets */; };
		9DD9C27F2B494730008C3BFF /* LaunchScreen.storyboard in Resources */ = {isa = PBXBuildFile; fileRef = 9DD9C27D2B494730008C3BFF /* LaunchScreen.storyboard */; };
		9DD9C28A2B494731008C3BFF /* CoordinaterSampleAppTests.swift in Sources */ = {isa = PBXBuildFile; fileRef = 9DD9C2892B494731008C3BFF /* CoordinaterSampleAppTests.swift */; };
		9DD9C2942B494731008C3BFF /* CoordinaterSampleAppUITests.swift in Sources */ = {isa = PBXBuildFile; fileRef = 9DD9C2932B494731008C3BFF /* CoordinaterSampleAppUITests.swift */; };
		9DD9C2962B494731008C3BFF /* CoordinaterSampleAppUITestsLaunchTests.swift in Sources */ = {isa = PBXBuildFile; fileRef = 9DD9C2952B494731008C3BFF /* CoordinaterSampleAppUITestsLaunchTests.swift */; };
		9DD9C2A42B4A6524008C3BFF /* CoordinatorProtocol.swift in Sources */ = {isa = PBXBuildFile; fileRef = 9DD9C2A32B4A6524008C3BFF /* CoordinatorProtocol.swift */; };
		9DD9C2A72B4A65DC008C3BFF /* StoryBoarded.swift in Sources */ = {isa = PBXBuildFile; fileRef = 9DD9C2A62B4A65DC008C3BFF /* StoryBoarded.swift */; };
		9DD9C2A92B4A6942008C3BFF /* MainCoordinator.swift in Sources */ = {isa = PBXBuildFile; fileRef = 9DD9C2A82B4A6942008C3BFF /* MainCoordinator.swift */; };
		9DD9C2AD2B4A6CC8008C3BFF /* LoginViewController.swift in Sources */ = {isa = PBXBuildFile; fileRef = 9DD9C2AC2B4A6CC8008C3BFF /* LoginViewController.swift */; };
		9DD9C2B02B4A7000008C3BFF /* NetworkManager.swift in Sources */ = {isa = PBXBuildFile; fileRef = 9DD9C2AF2B4A7000008C3BFF /* NetworkManager.swift */; };
		9DD9C2B32B4A71F6008C3BFF /* InitialViewModel.swift in Sources */ = {isa = PBXBuildFile; fileRef = 9DD9C2B22B4A71F6008C3BFF /* InitialViewModel.swift */; };
		9DD9C2B72B4A77B1008C3BFF /* LoginViewModel.swift in Sources */ = {isa = PBXBuildFile; fileRef = 9DD9C2B62B4A77B1008C3BFF /* LoginViewModel.swift */; };
		9DD9C2BE2B4AA677008C3BFF /* AuthCoordinator.swift in Sources */ = {isa = PBXBuildFile; fileRef = 9DD9C2BD2B4AA677008C3BFF /* AuthCoordinator.swift */; };
		9DD9C2C12B4AA79B008C3BFF /* RegistrationViewController.swift in Sources */ = {isa = PBXBuildFile; fileRef = 9DD9C2C02B4AA79B008C3BFF /* RegistrationViewController.swift */; };
		9DD9C2C32B4AA7B2008C3BFF /* RegistrationViewModel.swift in Sources */ = {isa = PBXBuildFile; fileRef = 9DD9C2C22B4AA7B2008C3BFF /* RegistrationViewModel.swift */; };
/* End PBXBuildFile section */

/* Begin PBXContainerItemProxy section */
		9DD9C2862B494731008C3BFF /* PBXContainerItemProxy */ = {
			isa = PBXContainerItemProxy;
			containerPortal = 9DD9C2642B49472E008C3BFF /* Project object */;
			proxyType = 1;
			remoteGlobalIDString = 9DD9C26B2B49472E008C3BFF;
			remoteInfo = CoordinaterSampleApp;
		};
		9DD9C2902B494731008C3BFF /* PBXContainerItemProxy */ = {
			isa = PBXContainerItemProxy;
			containerPortal = 9DD9C2642B49472E008C3BFF /* Project object */;
			proxyType = 1;
			remoteGlobalIDString = 9DD9C26B2B49472E008C3BFF;
			remoteInfo = CoordinaterSampleApp;
		};
/* End PBXContainerItemProxy section */

/* Begin PBXFileReference section */
		9D054C942B4FDBDC00E939E7 /* HomeCoordinator.swift */ = {isa = PBXFileReference; lastKnownFileType = sourcecode.swift; path = HomeCoordinator.swift; sourceTree = "<group>"; };
		9D054C962B4FDBF700E939E7 /* AccountCoordinator.swift */ = {isa = PBXFileReference; lastKnownFileType = sourcecode.swift; path = AccountCoordinator.swift; sourceTree = "<group>"; };
		9D054C982B4FDC0500E939E7 /* SettingsCoordinator.swift */ = {isa = PBXFileReference; lastKnownFileType = sourcecode.swift; path = SettingsCoordinator.swift; sourceTree = "<group>"; };
		9D054C9A2B4FDC2700E939E7 /* NotificationCoordinator.swift */ = {isa = PBXFileReference; lastKnownFileType = sourcecode.swift; path = NotificationCoordinator.swift; sourceTree = "<group>"; };
		9D054C9E2B4FDE5200E939E7 /* DashboardViewController.swift */ = {isa = PBXFileReference; lastKnownFileType = sourcecode.swift; path = DashboardViewController.swift; sourceTree = "<group>"; };
		9D054CA02B4FDE6B00E939E7 /* DashboardViewModel.swift */ = {isa = PBXFileReference; lastKnownFileType = sourcecode.swift; path = DashboardViewModel.swift; sourceTree = "<group>"; };
		9D054CA62B4FE00A00E939E7 /* MyAccountViewController.swift */ = {isa = PBXFileReference; lastKnownFileType = sourcecode.swift; path = MyAccountViewController.swift; sourceTree = "<group>"; };
		9D054CA82B4FE02000E939E7 /* MyAccountViewModel.swift */ = {isa = PBXFileReference; lastKnownFileType = sourcecode.swift; path = MyAccountViewModel.swift; sourceTree = "<group>"; };
		9D054CAA2B4FE24900E939E7 /* UserSettingsViewController.swift */ = {isa = PBXFileReference; lastKnownFileType = sourcecode.swift; path = UserSettingsViewController.swift; sourceTree = "<group>"; };
		9D054CAC2B4FE26000E939E7 /* UserSettingsViewModel.swift */ = {isa = PBXFileReference; lastKnownFileType = sourcecode.swift; path = UserSettingsViewModel.swift; sourceTree = "<group>"; };
		9D054CAE2B4FE3BE00E939E7 /* NotificationViewController.swift */ = {isa = PBXFileReference; lastKnownFileType = sourcecode.swift; path = NotificationViewController.swift; sourceTree = "<group>"; };
		9D054CB02B4FE3EE00E939E7 /* NotificationViewModel.swift */ = {isa = PBXFileReference; lastKnownFileType = sourcecode.swift; path = NotificationViewModel.swift; sourceTree = "<group>"; };
		9D054CB22B5018CC00E939E7 /* TabCoordinator.swift */ = {isa = PBXFileReference; lastKnownFileType = sourcecode.swift; path = TabCoordinator.swift; sourceTree = "<group>"; };
		9D054CB52B50779300E939E7 /* ProfileViewController.swift */ = {isa = PBXFileReference; lastKnownFileType = sourcecode.swift; path = ProfileViewController.swift; sourceTree = "<group>"; };
		9D054CB82B5077B500E939E7 /* ProfileViewModel.swift */ = {isa = PBXFileReference; lastKnownFileType = sourcecode.swift; path = ProfileViewModel.swift; sourceTree = "<group>"; };
		9D054CBB2B5079B900E939E7 /* EditProfileViewControlller.swift */ = {isa = PBXFileReference; lastKnownFileType = sourcecode.swift; path = EditProfileViewControlller.swift; sourceTree = "<group>"; };
		9D054CBD2B5079D300E939E7 /* EditProfileViewModel.swift */ = {isa = PBXFileReference; lastKnownFileType = sourcecode.swift; path = EditProfileViewModel.swift; sourceTree = "<group>"; };
		9DD9C26C2B49472E008C3BFF /* CoordinaterSampleApp.app */ = {isa = PBXFileReference; explicitFileType = wrapper.application; includeInIndex = 0; path = CoordinaterSampleApp.app; sourceTree = BUILT_PRODUCTS_DIR; };
		9DD9C26F2B49472E008C3BFF /* AppDelegate.swift */ = {isa = PBXFileReference; lastKnownFileType = sourcecode.swift; path = AppDelegate.swift; sourceTree = "<group>"; };
		9DD9C2712B49472E008C3BFF /* SceneDelegate.swift */ = {isa = PBXFileReference; lastKnownFileType = sourcecode.swift; path = SceneDelegate.swift; sourceTree = "<group>"; };
		9DD9C2732B49472E008C3BFF /* InitialViewController.swift */ = {isa = PBXFileReference; lastKnownFileType = sourcecode.swift; path = InitialViewController.swift; sourceTree = "<group>"; };
		9DD9C2762B49472E008C3BFF /* Base */ = {isa = PBXFileReference; lastKnownFileType = file.storyboard; name = Base; path = Base.lproj/Main.storyboard; sourceTree = "<group>"; };
		9DD9C2792B49472E008C3BFF /* CoordinaterSampleApp.xcdatamodel */ = {isa = PBXFileReference; lastKnownFileType = wrapper.xcdatamodel; path = CoordinaterSampleApp.xcdatamodel; sourceTree = "<group>"; };
		9DD9C27B2B494730008C3BFF /* Assets.xcassets */ = {isa = PBXFileReference; lastKnownFileType = folder.assetcatalog; path = Assets.xcassets; sourceTree = "<group>"; };
		9DD9C27E2B494730008C3BFF /* Base */ = {isa = PBXFileReference; lastKnownFileType = file.storyboard; name = Base; path = Base.lproj/LaunchScreen.storyboard; sourceTree = "<group>"; };
		9DD9C2802B494730008C3BFF /* Info.plist */ = {isa = PBXFileReference; lastKnownFileType = text.plist.xml; path = Info.plist; sourceTree = "<group>"; };
		9DD9C2852B494731008C3BFF /* CoordinaterSampleAppTests.xctest */ = {isa = PBXFileReference; explicitFileType = wrapper.cfbundle; includeInIndex = 0; path = CoordinaterSampleAppTests.xctest; sourceTree = BUILT_PRODUCTS_DIR; };
		9DD9C2892B494731008C3BFF /* CoordinaterSampleAppTests.swift */ = {isa = PBXFileReference; lastKnownFileType = sourcecode.swift; path = CoordinaterSampleAppTests.swift; sourceTree = "<group>"; };
		9DD9C28F2B494731008C3BFF /* CoordinaterSampleAppUITests.xctest */ = {isa = PBXFileReference; explicitFileType = wrapper.cfbundle; includeInIndex = 0; path = CoordinaterSampleAppUITests.xctest; sourceTree = BUILT_PRODUCTS_DIR; };
		9DD9C2932B494731008C3BFF /* CoordinaterSampleAppUITests.swift */ = {isa = PBXFileReference; lastKnownFileType = sourcecode.swift; path = CoordinaterSampleAppUITests.swift; sourceTree = "<group>"; };
		9DD9C2952B494731008C3BFF /* CoordinaterSampleAppUITestsLaunchTests.swift */ = {isa = PBXFileReference; lastKnownFileType = sourcecode.swift; path = CoordinaterSampleAppUITestsLaunchTests.swift; sourceTree = "<group>"; };
		9DD9C2A32B4A6524008C3BFF /* CoordinatorProtocol.swift */ = {isa = PBXFileReference; lastKnownFileType = sourcecode.swift; path = CoordinatorProtocol.swift; sourceTree = "<group>"; };
		9DD9C2A62B4A65DC008C3BFF /* StoryBoarded.swift */ = {isa = PBXFileReference; lastKnownFileType = sourcecode.swift; path = StoryBoarded.swift; sourceTree = "<group>"; };
		9DD9C2A82B4A6942008C3BFF /* MainCoordinator.swift */ = {isa = PBXFileReference; lastKnownFileType = sourcecode.swift; path = MainCoordinator.swift; sourceTree = "<group>"; };
		9DD9C2AC2B4A6CC8008C3BFF /* LoginViewController.swift */ = {isa = PBXFileReference; lastKnownFileType = sourcecode.swift; path = LoginViewController.swift; sourceTree = "<group>"; };
		9DD9C2AF2B4A7000008C3BFF /* NetworkManager.swift */ = {isa = PBXFileReference; lastKnownFileType = sourcecode.swift; path = NetworkManager.swift; sourceTree = "<group>"; };
		9DD9C2B22B4A71F6008C3BFF /* InitialViewModel.swift */ = {isa = PBXFileReference; lastKnownFileType = sourcecode.swift; path = InitialViewModel.swift; sourceTree = "<group>"; };
		9DD9C2B62B4A77B1008C3BFF /* LoginViewModel.swift */ = {isa = PBXFileReference; lastKnownFileType = sourcecode.swift; path = LoginViewModel.swift; sourceTree = "<group>"; };
		9DD9C2BD2B4AA677008C3BFF /* AuthCoordinator.swift */ = {isa = PBXFileReference; lastKnownFileType = sourcecode.swift; path = AuthCoordinator.swift; sourceTree = "<group>"; };
		9DD9C2C02B4AA79B008C3BFF /* RegistrationViewController.swift */ = {isa = PBXFileReference; lastKnownFileType = sourcecode.swift; path = RegistrationViewController.swift; sourceTree = "<group>"; };
		9DD9C2C22B4AA7B2008C3BFF /* RegistrationViewModel.swift */ = {isa = PBXFileReference; lastKnownFileType = sourcecode.swift; path = RegistrationViewModel.swift; sourceTree = "<group>"; };
/* End PBXFileReference section */

/* Begin PBXFrameworksBuildPhase section */
		9DD9C2692B49472E008C3BFF /* Frameworks */ = {
			isa = PBXFrameworksBuildPhase;
			buildActionMask = 2147483647;
			files = (
			);
			runOnlyForDeploymentPostprocessing = 0;
		};
		9DD9C2822B494731008C3BFF /* Frameworks */ = {
			isa = PBXFrameworksBuildPhase;
			buildActionMask = 2147483647;
			files = (
			);
			runOnlyForDeploymentPostprocessing = 0;
		};
		9DD9C28C2B494731008C3BFF /* Frameworks */ = {
			isa = PBXFrameworksBuildPhase;
			buildActionMask = 2147483647;
			files = (
			);
			runOnlyForDeploymentPostprocessing = 0;
		};
/* End PBXFrameworksBuildPhase section */

/* Begin PBXGroup section */
		9D054C9C2B4FDDFF00E939E7 /* Home */ = {
			isa = PBXGroup;
			children = (
				9D054C9D2B4FDE2D00E939E7 /* Dashboard */,
			);
			path = Home;
			sourceTree = "<group>";
		};
		9D054C9D2B4FDE2D00E939E7 /* Dashboard */ = {
			isa = PBXGroup;
			children = (
				9D054C9E2B4FDE5200E939E7 /* DashboardViewController.swift */,
				9D054CA02B4FDE6B00E939E7 /* DashboardViewModel.swift */,
			);
			path = Dashboard;
			sourceTree = "<group>";
		};
		9D054CA22B4FDFCC00E939E7 /* Account */ = {
			isa = PBXGroup;
			children = (
				9D054CBA2B50799700E939E7 /* EditProfile */,
				9D054CB42B50776000E939E7 /* ViewProfile */,
				9D054CA52B4FDFEC00E939E7 /* MyAccount */,
			);
			path = Account;
			sourceTree = "<group>";
		};
		9D054CA32B4FDFD500E939E7 /* Settings */ = {
			isa = PBXGroup;
			children = (
				9D054CAA2B4FE24900E939E7 /* UserSettingsViewController.swift */,
				9D054CAC2B4FE26000E939E7 /* UserSettingsViewModel.swift */,
			);
			path = Settings;
			sourceTree = "<group>";
		};
		9D054CA42B4FDFDB00E939E7 /* Notifications */ = {
			isa = PBXGroup;
			children = (
				9D054CAE2B4FE3BE00E939E7 /* NotificationViewController.swift */,
				9D054CB02B4FE3EE00E939E7 /* NotificationViewModel.swift */,
			);
			path = Notifications;
			sourceTree = "<group>";
		};
		9D054CA52B4FDFEC00E939E7 /* MyAccount */ = {
			isa = PBXGroup;
			children = (
				9D054CA62B4FE00A00E939E7 /* MyAccountViewController.swift */,
				9D054CA82B4FE02000E939E7 /* MyAccountViewModel.swift */,
			);
			path = MyAccount;
			sourceTree = "<group>";
		};
		9D054CB42B50776000E939E7 /* ViewProfile */ = {
			isa = PBXGroup;
			children = (
				9D054CB52B50779300E939E7 /* ProfileViewController.swift */,
				9D054CB82B5077B500E939E7 /* ProfileViewModel.swift */,
			);
			path = ViewProfile;
			sourceTree = "<group>";
		};
		9D054CBA2B50799700E939E7 /* EditProfile */ = {
			isa = PBXGroup;
			children = (
				9D054CBB2B5079B900E939E7 /* EditProfileViewControlller.swift */,
				9D054CBD2B5079D300E939E7 /* EditProfileViewModel.swift */,
			);
			path = EditProfile;
			sourceTree = "<group>";
		};
		9DD9C2632B49472E008C3BFF = {
			isa = PBXGroup;
			children = (
				9DD9C26E2B49472E008C3BFF /* CoordinaterSampleApp */,
				9DD9C2882B494731008C3BFF /* CoordinaterSampleAppTests */,
				9DD9C2922B494731008C3BFF /* CoordinaterSampleAppUITests */,
				9DD9C26D2B49472E008C3BFF /* Products */,
			);
			sourceTree = "<group>";
		};
		9DD9C26D2B49472E008C3BFF /* Products */ = {
			isa = PBXGroup;
			children = (
				9DD9C26C2B49472E008C3BFF /* CoordinaterSampleApp.app */,
				9DD9C2852B494731008C3BFF /* CoordinaterSampleAppTests.xctest */,
				9DD9C28F2B494731008C3BFF /* CoordinaterSampleAppUITests.xctest */,
			);
			name = Products;
			sourceTree = "<group>";
		};
		9DD9C26E2B49472E008C3BFF /* CoordinaterSampleApp */ = {
			isa = PBXGroup;
			children = (
				9DD9C2AE2B4A6FDC008C3BFF /* NetworkLayer */,
				9DD9C2AA2B4A6C19008C3BFF /* Screens */,
				9DD9C2A52B4A65C3008C3BFF /* Extensions */,
				9DD9C2A22B4A64ED008C3BFF /* CoordinatorService */,
				9DD9C26F2B49472E008C3BFF /* AppDelegate.swift */,
				9DD9C2712B49472E008C3BFF /* SceneDelegate.swift */,
				9DD9C2752B49472E008C3BFF /* Main.storyboard */,
				9DD9C27B2B494730008C3BFF /* Assets.xcassets */,
				9DD9C27D2B494730008C3BFF /* LaunchScreen.storyboard */,
				9DD9C2802B494730008C3BFF /* Info.plist */,
				9DD9C2782B49472E008C3BFF /* CoordinaterSampleApp.xcdatamodeld */,
			);
			path = CoordinaterSampleApp;
			sourceTree = "<group>";
		};
		9DD9C2882B494731008C3BFF /* CoordinaterSampleAppTests */ = {
			isa = PBXGroup;
			children = (
				9DD9C2892B494731008C3BFF /* CoordinaterSampleAppTests.swift */,
			);
			path = CoordinaterSampleAppTests;
			sourceTree = "<group>";
		};
		9DD9C2922B494731008C3BFF /* CoordinaterSampleAppUITests */ = {
			isa = PBXGroup;
			children = (
				9DD9C2932B494731008C3BFF /* CoordinaterSampleAppUITests.swift */,
				9DD9C2952B494731008C3BFF /* CoordinaterSampleAppUITestsLaunchTests.swift */,
			);
			path = CoordinaterSampleAppUITests;
			sourceTree = "<group>";
		};
		9DD9C2A22B4A64ED008C3BFF /* CoordinatorService */ = {
			isa = PBXGroup;
			children = (
				9DD9C2A32B4A6524008C3BFF /* CoordinatorProtocol.swift */,
				9DD9C2A82B4A6942008C3BFF /* MainCoordinator.swift */,
				9DD9C2BD2B4AA677008C3BFF /* AuthCoordinator.swift */,
				9D054C942B4FDBDC00E939E7 /* HomeCoordinator.swift */,
				9D054C962B4FDBF700E939E7 /* AccountCoordinator.swift */,
				9D054C982B4FDC0500E939E7 /* SettingsCoordinator.swift */,
				9D054C9A2B4FDC2700E939E7 /* NotificationCoordinator.swift */,
				9D054CB22B5018CC00E939E7 /* TabCoordinator.swift */,
			);
			path = CoordinatorService;
			sourceTree = "<group>";
		};
		9DD9C2A52B4A65C3008C3BFF /* Extensions */ = {
			isa = PBXGroup;
			children = (
				9DD9C2A62B4A65DC008C3BFF /* StoryBoarded.swift */,
			);
			path = Extensions;
			sourceTree = "<group>";
		};
		9DD9C2AA2B4A6C19008C3BFF /* Screens */ = {
			isa = PBXGroup;
			children = (
				9D054CA42B4FDFDB00E939E7 /* Notifications */,
				9D054CA32B4FDFD500E939E7 /* Settings */,
				9D054CA22B4FDFCC00E939E7 /* Account */,
				9D054C9C2B4FDDFF00E939E7 /* Home */,
				9DD9C2C62B4AB364008C3BFF /* Auth */,
				9DD9C2B12B4A71C7008C3BFF /* InitialView */,
			);
			path = Screens;
			sourceTree = "<group>";
		};
		9DD9C2AE2B4A6FDC008C3BFF /* NetworkLayer */ = {
			isa = PBXGroup;
			children = (
				9DD9C2AF2B4A7000008C3BFF /* NetworkManager.swift */,
			);
			path = NetworkLayer;
			sourceTree = "<group>";
		};
		9DD9C2B12B4A71C7008C3BFF /* InitialView */ = {
			isa = PBXGroup;
			children = (
				9DD9C2732B49472E008C3BFF /* InitialViewController.swift */,
				9DD9C2B22B4A71F6008C3BFF /* InitialViewModel.swift */,
			);
			path = InitialView;
			sourceTree = "<group>";
		};
		9DD9C2B42B4A7788008C3BFF /* LoginView */ = {
			isa = PBXGroup;
			children = (
				9DD9C2AC2B4A6CC8008C3BFF /* LoginViewController.swift */,
				9DD9C2B62B4A77B1008C3BFF /* LoginViewModel.swift */,
			);
			path = LoginView;
			sourceTree = "<group>";
		};
		9DD9C2BF2B4AA77B008C3BFF /* Registration */ = {
			isa = PBXGroup;
			children = (
				9DD9C2C02B4AA79B008C3BFF /* RegistrationViewController.swift */,
				9DD9C2C22B4AA7B2008C3BFF /* RegistrationViewModel.swift */,
			);
			path = Registration;
			sourceTree = "<group>";
		};
		9DD9C2C62B4AB364008C3BFF /* Auth */ = {
			isa = PBXGroup;
			children = (
				9DD9C2B42B4A7788008C3BFF /* LoginView */,
				9DD9C2BF2B4AA77B008C3BFF /* Registration */,
			);
			path = Auth;
			sourceTree = "<group>";
		};
/* End PBXGroup section */

/* Begin PBXNativeTarget section */
		9DD9C26B2B49472E008C3BFF /* CoordinaterSampleApp */ = {
			isa = PBXNativeTarget;
			buildConfigurationList = 9DD9C2992B494731008C3BFF /* Build configuration list for PBXNativeTarget "CoordinaterSampleApp" */;
			buildPhases = (
				9DD9C2682B49472E008C3BFF /* Sources */,
				9DD9C2692B49472E008C3BFF /* Frameworks */,
				9DD9C26A2B49472E008C3BFF /* Resources */,
			);
			buildRules = (
			);
			dependencies = (
			);
			name = CoordinaterSampleApp;
			productName = CoordinaterSampleApp;
			productReference = 9DD9C26C2B49472E008C3BFF /* CoordinaterSampleApp.app */;
			productType = "com.apple.product-type.application";
		};
		9DD9C2842B494731008C3BFF /* CoordinaterSampleAppTests */ = {
			isa = PBXNativeTarget;
			buildConfigurationList = 9DD9C29C2B494731008C3BFF /* Build configuration list for PBXNativeTarget "CoordinaterSampleAppTests" */;
			buildPhases = (
				9DD9C2812B494731008C3BFF /* Sources */,
				9DD9C2822B494731008C3BFF /* Frameworks */,
				9DD9C2832B494731008C3BFF /* Resources */,
			);
			buildRules = (
			);
			dependencies = (
				9DD9C2872B494731008C3BFF /* PBXTargetDependency */,
			);
			name = CoordinaterSampleAppTests;
			productName = CoordinaterSampleAppTests;
			productReference = 9DD9C2852B494731008C3BFF /* CoordinaterSampleAppTests.xctest */;
			productType = "com.apple.product-type.bundle.unit-test";
		};
		9DD9C28E2B494731008C3BFF /* CoordinaterSampleAppUITests */ = {
			isa = PBXNativeTarget;
			buildConfigurationList = 9DD9C29F2B494731008C3BFF /* Build configuration list for PBXNativeTarget "CoordinaterSampleAppUITests" */;
			buildPhases = (
				9DD9C28B2B494731008C3BFF /* Sources */,
				9DD9C28C2B494731008C3BFF /* Frameworks */,
				9DD9C28D2B494731008C3BFF /* Resources */,
			);
			buildRules = (
			);
			dependencies = (
				9DD9C2912B494731008C3BFF /* PBXTargetDependency */,
			);
			name = CoordinaterSampleAppUITests;
			productName = CoordinaterSampleAppUITests;
			productReference = 9DD9C28F2B494731008C3BFF /* CoordinaterSampleAppUITests.xctest */;
			productType = "com.apple.product-type.bundle.ui-testing";
		};
/* End PBXNativeTarget section */

/* Begin PBXProject section */
		9DD9C2642B49472E008C3BFF /* Project object */ = {
			isa = PBXProject;
			attributes = {
				BuildIndependentTargetsInParallel = 1;
				LastSwiftUpdateCheck = 1410;
				LastUpgradeCheck = 1410;
				TargetAttributes = {
					9DD9C26B2B49472E008C3BFF = {
						CreatedOnToolsVersion = 14.1;
					};
					9DD9C2842B494731008C3BFF = {
						CreatedOnToolsVersion = 14.1;
						TestTargetID = 9DD9C26B2B49472E008C3BFF;
					};
					9DD9C28E2B494731008C3BFF = {
						CreatedOnToolsVersion = 14.1;
						TestTargetID = 9DD9C26B2B49472E008C3BFF;
					};
				};
			};
			buildConfigurationList = 9DD9C2672B49472E008C3BFF /* Build configuration list for PBXProject "CoordinaterSampleApp" */;
			compatibilityVersion = "Xcode 14.0";
			developmentRegion = en;
			hasScannedForEncodings = 0;
			knownRegions = (
				en,
				Base,
			);
			mainGroup = 9DD9C2632B49472E008C3BFF;
			productRefGroup = 9DD9C26D2B49472E008C3BFF /* Products */;
			projectDirPath = "";
			projectRoot = "";
			targets = (
				9DD9C26B2B49472E008C3BFF /* CoordinaterSampleApp */,
				9DD9C2842B494731008C3BFF /* CoordinaterSampleAppTests */,
				9DD9C28E2B494731008C3BFF /* CoordinaterSampleAppUITests */,
			);
		};
/* End PBXProject section */

/* Begin PBXResourcesBuildPhase section */
		9DD9C26A2B49472E008C3BFF /* Resources */ = {
			isa = PBXResourcesBuildPhase;
			buildActionMask = 2147483647;
			files = (
				9DD9C27F2B494730008C3BFF /* LaunchScreen.storyboard in Resources */,
				9DD9C27C2B494730008C3BFF /* Assets.xcassets in Resources */,
				9DD9C2772B49472E008C3BFF /* Main.storyboard in Resources */,
			);
			runOnlyForDeploymentPostprocessing = 0;
		};
		9DD9C2832B494731008C3BFF /* Resources */ = {
			isa = PBXResourcesBuildPhase;
			buildActionMask = 2147483647;
			files = (
			);
			runOnlyForDeploymentPostprocessing = 0;
		};
		9DD9C28D2B494731008C3BFF /* Resources */ = {
			isa = PBXResourcesBuildPhase;
			buildActionMask = 2147483647;
			files = (
			);
			runOnlyForDeploymentPostprocessing = 0;
		};
/* End PBXResourcesBuildPhase section */

/* Begin PBXSourcesBuildPhase section */
		9DD9C2682B49472E008C3BFF /* Sources */ = {
			isa = PBXSourcesBuildPhase;
			buildActionMask = 2147483647;
			files = (
				9DD9C2B02B4A7000008C3BFF /* NetworkManager.swift in Sources */,
				9D054CB32B5018CC00E939E7 /* TabCoordinator.swift in Sources */,
				9D054CB92B5077B500E939E7 /* ProfileViewModel.swift in Sources */,
				9D054C9F2B4FDE5200E939E7 /* DashboardViewController.swift in Sources */,
				9D054CBC2B5079B900E939E7 /* EditProfileViewControlller.swift in Sources */,
				9DD9C2B32B4A71F6008C3BFF /* InitialViewModel.swift in Sources */,
				9DD9C2B72B4A77B1008C3BFF /* LoginViewModel.swift in Sources */,
				9D054CAD2B4FE26000E939E7 /* UserSettingsViewModel.swift in Sources */,
				9D054C952B4FDBDC00E939E7 /* HomeCoordinator.swift in Sources */,
				9DD9C2742B49472E008C3BFF /* InitialViewController.swift in Sources */,
				9DD9C2BE2B4AA677008C3BFF /* AuthCoordinator.swift in Sources */,
				9DD9C2A92B4A6942008C3BFF /* MainCoordinator.swift in Sources */,
				9D054C9B2B4FDC2700E939E7 /* NotificationCoordinator.swift in Sources */,
				9D054CBE2B5079D300E939E7 /* EditProfileViewModel.swift in Sources */,
				9DD9C2702B49472E008C3BFF /* AppDelegate.swift in Sources */,
				9D054CA92B4FE02000E939E7 /* MyAccountViewModel.swift in Sources */,
				9DD9C2A42B4A6524008C3BFF /* CoordinatorProtocol.swift in Sources */,
				9DD9C2C12B4AA79B008C3BFF /* RegistrationViewController.swift in Sources */,
				9DD9C2AD2B4A6CC8008C3BFF /* LoginViewController.swift in Sources */,
				9D054C992B4FDC0500E939E7 /* SettingsCoordinator.swift in Sources */,
				9D054CB12B4FE3EE00E939E7 /* NotificationViewModel.swift in Sources */,
				9D054CB62B50779300E939E7 /* ProfileViewController.swift in Sources */,
				9D054CAB2B4FE24900E939E7 /* UserSettingsViewController.swift in Sources */,
				9D054CA12B4FDE6B00E939E7 /* DashboardViewModel.swift in Sources */,
				9DD9C2A72B4A65DC008C3BFF /* StoryBoarded.swift in Sources */,
				9D054C972B4FDBF700E939E7 /* AccountCoordinator.swift in Sources */,
				9DD9C2C32B4AA7B2008C3BFF /* RegistrationViewModel.swift in Sources */,
				9D054CAF2B4FE3BE00E939E7 /* NotificationViewController.swift in Sources */,
				9DD9C27A2B49472E008C3BFF /* CoordinaterSampleApp.xcdatamodeld in Sources */,
				9D054CA72B4FE00A00E939E7 /* MyAccountViewController.swift in Sources */,
				9DD9C2722B49472E008C3BFF /* SceneDelegate.swift in Sources */,
			);
			runOnlyForDeploymentPostprocessing = 0;
		};
		9DD9C2812B494731008C3BFF /* Sources */ = {
			isa = PBXSourcesBuildPhase;
			buildActionMask = 2147483647;
			files = (
				9DD9C28A2B494731008C3BFF /* CoordinaterSampleAppTests.swift in Sources */,
			);
			runOnlyForDeploymentPostprocessing = 0;
		};
		9DD9C28B2B494731008C3BFF /* Sources */ = {
			isa = PBXSourcesBuildPhase;
			buildActionMask = 2147483647;
			files = (
				9DD9C2942B494731008C3BFF /* CoordinaterSampleAppUITests.swift in Sources */,
				9DD9C2962B494731008C3BFF /* CoordinaterSampleAppUITestsLaunchTests.swift in Sources */,
			);
			runOnlyForDeploymentPostprocessing = 0;
		};
/* End PBXSourcesBuildPhase section */

/* Begin PBXTargetDependency section */
		9DD9C2872B494731008C3BFF /* PBXTargetDependency */ = {
			isa = PBXTargetDependency;
			target = 9DD9C26B2B49472E008C3BFF /* CoordinaterSampleApp */;
			targetProxy = 9DD9C2862B494731008C3BFF /* PBXContainerItemProxy */;
		};
		9DD9C2912B494731008C3BFF /* PBXTargetDependency */ = {
			isa = PBXTargetDependency;
			target = 9DD9C26B2B49472E008C3BFF /* CoordinaterSampleApp */;
			targetProxy = 9DD9C2902B494731008C3BFF /* PBXContainerItemProxy */;
		};
/* End PBXTargetDependency section */

/* Begin PBXVariantGroup section */
		9DD9C2752B49472E008C3BFF /* Main.storyboard */ = {
			isa = PBXVariantGroup;
			children = (
				9DD9C2762B49472E008C3BFF /* Base */,
			);
			name = Main.storyboard;
			sourceTree = "<group>";
		};
		9DD9C27D2B494730008C3BFF /* LaunchScreen.storyboard */ = {
			isa = PBXVariantGroup;
			children = (
				9DD9C27E2B494730008C3BFF /* Base */,
			);
			name = LaunchScreen.storyboard;
			sourceTree = "<group>";
		};
/* End PBXVariantGroup section */

/* Begin XCBuildConfiguration section */
		9DD9C2972B494731008C3BFF /* Debug */ = {
			isa = XCBuildConfiguration;
			buildSettings = {
				ALWAYS_SEARCH_USER_PATHS = NO;
				CLANG_ANALYZER_NONNULL = YES;
				CLANG_ANALYZER_NUMBER_OBJECT_CONVERSION = YES_AGGRESSIVE;
				CLANG_CXX_LANGUAGE_STANDARD = "gnu++20";
				CLANG_ENABLE_MODULES = YES;
				CLANG_ENABLE_OBJC_ARC = YES;
				CLANG_ENABLE_OBJC_WEAK = YES;
				CLANG_WARN_BLOCK_CAPTURE_AUTORELEASING = YES;
				CLANG_WARN_BOOL_CONVERSION = YES;
				CLANG_WARN_COMMA = YES;
				CLANG_WARN_CONSTANT_CONVERSION = YES;
				CLANG_WARN_DEPRECATED_OBJC_IMPLEMENTATIONS = YES;
				CLANG_WARN_DIRECT_OBJC_ISA_USAGE = YES_ERROR;
				CLANG_WARN_DOCUMENTATION_COMMENTS = YES;
				CLANG_WARN_EMPTY_BODY = YES;
				CLANG_WARN_ENUM_CONVERSION = YES;
				CLANG_WARN_INFINITE_RECURSION = YES;
				CLANG_WARN_INT_CONVERSION = YES;
				CLANG_WARN_NON_LITERAL_NULL_CONVERSION = YES;
				CLANG_WARN_OBJC_IMPLICIT_RETAIN_SELF = YES;
				CLANG_WARN_OBJC_LITERAL_CONVERSION = YES;
				CLANG_WARN_OBJC_ROOT_CLASS = YES_ERROR;
				CLANG_WARN_QUOTED_INCLUDE_IN_FRAMEWORK_HEADER = YES;
				CLANG_WARN_RANGE_LOOP_ANALYSIS = YES;
				CLANG_WARN_STRICT_PROTOTYPES = YES;
				CLANG_WARN_SUSPICIOUS_MOVE = YES;
				CLANG_WARN_UNGUARDED_AVAILABILITY = YES_AGGRESSIVE;
				CLANG_WARN_UNREACHABLE_CODE = YES;
				CLANG_WARN__DUPLICATE_METHOD_MATCH = YES;
				COPY_PHASE_STRIP = NO;
				DEBUG_INFORMATION_FORMAT = dwarf;
				ENABLE_STRICT_OBJC_MSGSEND = YES;
				ENABLE_TESTABILITY = YES;
				GCC_C_LANGUAGE_STANDARD = gnu11;
				GCC_DYNAMIC_NO_PIC = NO;
				GCC_NO_COMMON_BLOCKS = YES;
				GCC_OPTIMIZATION_LEVEL = 0;
				GCC_PREPROCESSOR_DEFINITIONS = (
					"DEBUG=1",
					"$(inherited)",
				);
				GCC_WARN_64_TO_32_BIT_CONVERSION = YES;
				GCC_WARN_ABOUT_RETURN_TYPE = YES_ERROR;
				GCC_WARN_UNDECLARED_SELECTOR = YES;
				GCC_WARN_UNINITIALIZED_AUTOS = YES_AGGRESSIVE;
				GCC_WARN_UNUSED_FUNCTION = YES;
				GCC_WARN_UNUSED_VARIABLE = YES;
				IPHONEOS_DEPLOYMENT_TARGET = 16.1;
				MTL_ENABLE_DEBUG_INFO = INCLUDE_SOURCE;
				MTL_FAST_MATH = YES;
				ONLY_ACTIVE_ARCH = YES;
				SDKROOT = iphoneos;
				SWIFT_ACTIVE_COMPILATION_CONDITIONS = DEBUG;
				SWIFT_OPTIMIZATION_LEVEL = "-Onone";
			};
			name = Debug;
		};
		9DD9C2982B494731008C3BFF /* Release */ = {
			isa = XCBuildConfiguration;
			buildSettings = {
				ALWAYS_SEARCH_USER_PATHS = NO;
				CLANG_ANALYZER_NONNULL = YES;
				CLANG_ANALYZER_NUMBER_OBJECT_CONVERSION = YES_AGGRESSIVE;
				CLANG_CXX_LANGUAGE_STANDARD = "gnu++20";
				CLANG_ENABLE_MODULES = YES;
				CLANG_ENABLE_OBJC_ARC = YES;
				CLANG_ENABLE_OBJC_WEAK = YES;
				CLANG_WARN_BLOCK_CAPTURE_AUTORELEASING = YES;
				CLANG_WARN_BOOL_CONVERSION = YES;
				CLANG_WARN_COMMA = YES;
				CLANG_WARN_CONSTANT_CONVERSION = YES;
				CLANG_WARN_DEPRECATED_OBJC_IMPLEMENTATIONS = YES;
				CLANG_WARN_DIRECT_OBJC_ISA_USAGE = YES_ERROR;
				CLANG_WARN_DOCUMENTATION_COMMENTS = YES;
				CLANG_WARN_EMPTY_BODY = YES;
				CLANG_WARN_ENUM_CONVERSION = YES;
				CLANG_WARN_INFINITE_RECURSION = YES;
				CLANG_WARN_INT_CONVERSION = YES;
				CLANG_WARN_NON_LITERAL_NULL_CONVERSION = YES;
				CLANG_WARN_OBJC_IMPLICIT_RETAIN_SELF = YES;
				CLANG_WARN_OBJC_LITERAL_CONVERSION = YES;
				CLANG_WARN_OBJC_ROOT_CLASS = YES_ERROR;
				CLANG_WARN_QUOTED_INCLUDE_IN_FRAMEWORK_HEADER = YES;
				CLANG_WARN_RANGE_LOOP_ANALYSIS = YES;
				CLANG_WARN_STRICT_PROTOTYPES = YES;
				CLANG_WARN_SUSPICIOUS_MOVE = YES;
				CLANG_WARN_UNGUARDED_AVAILABILITY = YES_AGGRESSIVE;
				CLANG_WARN_UNREACHABLE_CODE = YES;
				CLANG_WARN__DUPLICATE_METHOD_MATCH = YES;
				COPY_PHASE_STRIP = NO;
				DEBUG_INFORMATION_FORMAT = "dwarf-with-dsym";
				ENABLE_NS_ASSERTIONS = NO;
				ENABLE_STRICT_OBJC_MSGSEND = YES;
				GCC_C_LANGUAGE_STANDARD = gnu11;
				GCC_NO_COMMON_BLOCKS = YES;
				GCC_WARN_64_TO_32_BIT_CONVERSION = YES;
				GCC_WARN_ABOUT_RETURN_TYPE = YES_ERROR;
				GCC_WARN_UNDECLARED_SELECTOR = YES;
				GCC_WARN_UNINITIALIZED_AUTOS = YES_AGGRESSIVE;
				GCC_WARN_UNUSED_FUNCTION = YES;
				GCC_WARN_UNUSED_VARIABLE = YES;
				IPHONEOS_DEPLOYMENT_TARGET = 16.1;
				MTL_ENABLE_DEBUG_INFO = NO;
				MTL_FAST_MATH = YES;
				SDKROOT = iphoneos;
				SWIFT_COMPILATION_MODE = wholemodule;
				SWIFT_OPTIMIZATION_LEVEL = "-O";
				VALIDATE_PRODUCT = YES;
			};
			name = Release;
		};
		9DD9C29A2B494731008C3BFF /* Debug */ = {
			isa = XCBuildConfiguration;
			buildSettings = {
				ASSETCATALOG_COMPILER_APPICON_NAME = AppIcon;
				ASSETCATALOG_COMPILER_GLOBAL_ACCENT_COLOR_NAME = AccentColor;
				CODE_SIGN_STYLE = Automatic;
				CURRENT_PROJECT_VERSION = 1;
				GENERATE_INFOPLIST_FILE = YES;
				INFOPLIST_FILE = CoordinaterSampleApp/Info.plist;
				INFOPLIST_KEY_UIApplicationSupportsIndirectInputEvents = YES;
				INFOPLIST_KEY_UILaunchStoryboardName = LaunchScreen;
				INFOPLIST_KEY_UIMainStoryboardFile = Main;
				INFOPLIST_KEY_UISupportedInterfaceOrientations_iPad = "UIInterfaceOrientationPortrait UIInterfaceOrientationPortraitUpsideDown UIInterfaceOrientationLandscapeLeft UIInterfaceOrientationLandscapeRight";
				INFOPLIST_KEY_UISupportedInterfaceOrientations_iPhone = "UIInterfaceOrientationPortrait UIInterfaceOrientationLandscapeLeft UIInterfaceOrientationLandscapeRight";
				LD_RUNPATH_SEARCH_PATHS = (
					"$(inherited)",
					"@executable_path/Frameworks",
				);
				MARKETING_VERSION = 1.0;
				PRODUCT_BUNDLE_IDENTIFIER = com.chathura9325.CoordinaterSampleApp;
				PRODUCT_NAME = "$(TARGET_NAME)";
				SWIFT_EMIT_LOC_STRINGS = YES;
				SWIFT_VERSION = 5.0;
				TARGETED_DEVICE_FAMILY = "1,2";
			};
			name = Debug;
		};
		9DD9C29B2B494731008C3BFF /* Release */ = {
			isa = XCBuildConfiguration;
			buildSettings = {
				ASSETCATALOG_COMPILER_APPICON_NAME = AppIcon;
				ASSETCATALOG_COMPILER_GLOBAL_ACCENT_COLOR_NAME = AccentColor;
				CODE_SIGN_STYLE = Automatic;
				CURRENT_PROJECT_VERSION = 1;
				GENERATE_INFOPLIST_FILE = YES;
				INFOPLIST_FILE = CoordinaterSampleApp/Info.plist;
				INFOPLIST_KEY_UIApplicationSupportsIndirectInputEvents = YES;
				INFOPLIST_KEY_UILaunchStoryboardName = LaunchScreen;
				INFOPLIST_KEY_UIMainStoryboardFile = Main;
				INFOPLIST_KEY_UISupportedInterfaceOrientations_iPad = "UIInterfaceOrientationPortrait UIInterfaceOrientationPortraitUpsideDown UIInterfaceOrientationLandscapeLeft UIInterfaceOrientationLandscapeRight";
				INFOPLIST_KEY_UISupportedInterfaceOrientations_iPhone = "UIInterfaceOrientationPortrait UIInterfaceOrientationLandscapeLeft UIInterfaceOrientationLandscapeRight";
				LD_RUNPATH_SEARCH_PATHS = (
					"$(inherited)",
					"@executable_path/Frameworks",
				);
				MARKETING_VERSION = 1.0;
				PRODUCT_BUNDLE_IDENTIFIER = com.chathura9325.CoordinaterSampleApp;
				PRODUCT_NAME = "$(TARGET_NAME)";
				SWIFT_EMIT_LOC_STRINGS = YES;
				SWIFT_VERSION = 5.0;
				TARGETED_DEVICE_FAMILY = "1,2";
			};
			name = Release;
		};
		9DD9C29D2B494731008C3BFF /* Debug */ = {
			isa = XCBuildConfiguration;
			buildSettings = {
				ALWAYS_EMBED_SWIFT_STANDARD_LIBRARIES = YES;
				BUNDLE_LOADER = "$(TEST_HOST)";
				CODE_SIGN_STYLE = Automatic;
				CURRENT_PROJECT_VERSION = 1;
				GENERATE_INFOPLIST_FILE = YES;
				IPHONEOS_DEPLOYMENT_TARGET = 16.1;
				MARKETING_VERSION = 1.0;
				PRODUCT_BUNDLE_IDENTIFIER = com.chathura9325.CoordinaterSampleAppTests;
				PRODUCT_NAME = "$(TARGET_NAME)";
				SWIFT_EMIT_LOC_STRINGS = NO;
				SWIFT_VERSION = 5.0;
				TARGETED_DEVICE_FAMILY = "1,2";
				TEST_HOST = "$(BUILT_PRODUCTS_DIR)/CoordinaterSampleApp.app/$(BUNDLE_EXECUTABLE_FOLDER_PATH)/CoordinaterSampleApp";
			};
			name = Debug;
		};
		9DD9C29E2B494731008C3BFF /* Release */ = {
			isa = XCBuildConfiguration;
			buildSettings = {
				ALWAYS_EMBED_SWIFT_STANDARD_LIBRARIES = YES;
				BUNDLE_LOADER = "$(TEST_HOST)";
				CODE_SIGN_STYLE = Automatic;
				CURRENT_PROJECT_VERSION = 1;
				GENERATE_INFOPLIST_FILE = YES;
				IPHONEOS_DEPLOYMENT_TARGET = 16.1;
				MARKETING_VERSION = 1.0;
				PRODUCT_BUNDLE_IDENTIFIER = com.chathura9325.CoordinaterSampleAppTests;
				PRODUCT_NAME = "$(TARGET_NAME)";
				SWIFT_EMIT_LOC_STRINGS = NO;
				SWIFT_VERSION = 5.0;
				TARGETED_DEVICE_FAMILY = "1,2";
				TEST_HOST = "$(BUILT_PRODUCTS_DIR)/CoordinaterSampleApp.app/$(BUNDLE_EXECUTABLE_FOLDER_PATH)/CoordinaterSampleApp";
			};
			name = Release;
		};
		9DD9C2A02B494731008C3BFF /* Debug */ = {
			isa = XCBuildConfiguration;
			buildSettings = {
				ALWAYS_EMBED_SWIFT_STANDARD_LIBRARIES = YES;
				CODE_SIGN_STYLE = Automatic;
				CURRENT_PROJECT_VERSION = 1;
				GENERATE_INFOPLIST_FILE = YES;
				MARKETING_VERSION = 1.0;
				PRODUCT_BUNDLE_IDENTIFIER = com.chathura9325.CoordinaterSampleAppUITests;
				PRODUCT_NAME = "$(TARGET_NAME)";
				SWIFT_EMIT_LOC_STRINGS = NO;
				SWIFT_VERSION = 5.0;
				TARGETED_DEVICE_FAMILY = "1,2";
				TEST_TARGET_NAME = CoordinaterSampleApp;
			};
			name = Debug;
		};
		9DD9C2A12B494731008C3BFF /* Release */ = {
			isa = XCBuildConfiguration;
			buildSettings = {
				ALWAYS_EMBED_SWIFT_STANDARD_LIBRARIES = YES;
				CODE_SIGN_STYLE = Automatic;
				CURRENT_PROJECT_VERSION = 1;
				GENERATE_INFOPLIST_FILE = YES;
				MARKETING_VERSION = 1.0;
				PRODUCT_BUNDLE_IDENTIFIER = com.chathura9325.CoordinaterSampleAppUITests;
				PRODUCT_NAME = "$(TARGET_NAME)";
				SWIFT_EMIT_LOC_STRINGS = NO;
				SWIFT_VERSION = 5.0;
				TARGETED_DEVICE_FAMILY = "1,2";
				TEST_TARGET_NAME = CoordinaterSampleApp;
			};
			name = Release;
		};
/* End XCBuildConfiguration section */

/* Begin XCConfigurationList section */
		9DD9C2672B49472E008C3BFF /* Build configuration list for PBXProject "CoordinaterSampleApp" */ = {
			isa = XCConfigurationList;
			buildConfigurations = (
				9DD9C2972B494731008C3BFF /* Debug */,
				9DD9C2982B494731008C3BFF /* Release */,
			);
			defaultConfigurationIsVisible = 0;
			defaultConfigurationName = Release;
		};
		9DD9C2992B494731008C3BFF /* Build configuration list for PBXNativeTarget "CoordinaterSampleApp" */ = {
			isa = XCConfigurationList;
			buildConfigurations = (
				9DD9C29A2B494731008C3BFF /* Debug */,
				9DD9C29B2B494731008C3BFF /* Release */,
			);
			defaultConfigurationIsVisible = 0;
			defaultConfigurationName = Release;
		};
		9DD9C29C2B494731008C3BFF /* Build configuration list for PBXNativeTarget "CoordinaterSampleAppTests" */ = {
			isa = XCConfigurationList;
			buildConfigurations = (
				9DD9C29D2B494731008C3BFF /* Debug */,
				9DD9C29E2B494731008C3BFF /* Release */,
			);
			defaultConfigurationIsVisible = 0;
			defaultConfigurationName = Release;
		};
		9DD9C29F2B494731008C3BFF /* Build configuration list for PBXNativeTarget "CoordinaterSampleAppUITests" */ = {
			isa = XCConfigurationList;
			buildConfigurations = (
				9DD9C2A02B494731008C3BFF /* Debug */,
				9DD9C2A12B494731008C3BFF /* Release */,
			);
			defaultConfigurationIsVisible = 0;
			defaultConfigurationName = Release;
		};
/* End XCConfigurationList section */

/* Begin XCVersionGroup section */
		9DD9C2782B49472E008C3BFF /* CoordinaterSampleApp.xcdatamodeld */ = {
			isa = XCVersionGroup;
			children = (
				9DD9C2792B49472E008C3BFF /* CoordinaterSampleApp.xcdatamodel */,
			);
			currentVersion = 9DD9C2792B49472E008C3BFF /* CoordinaterSampleApp.xcdatamodel */;
			path = CoordinaterSampleApp.xcdatamodeld;
			sourceTree = "<group>";
			versionGroupType = wrapper.xcdatamodel;
		};
/* End XCVersionGroup section */
	};
	rootObject = 9DD9C2642B49472E008C3BFF /* Project object */;
}
